
Microsoft Visual Studio Solution File, Format Version 12.00
# Visual Studio 15
VisualStudioVersion = 15.0.28307.779
MinimumVisualStudioVersion = 10.0.40219.1
Project("{8BC9CEB8-8B4A-11D0-8D11-00A0C91BC942}") = "lib_u8g2_example", "lib_u8g2_example\lib_u8g2_example.vcxproj", "{0DF49B9E-9EF9-4F13-B31F-19D37CDD1060}"
EndProject
Project("{8BC9CEB8-8B4A-11D0-8D11-00A0C91BC942}") = "lib_u8g2", "..\lib_u8g2\lib_u8g2.vcxproj", "{10F4B2DD-B608-4B0B-BF95-08214F5695A4}"
EndProject
Global
	GlobalSection(SolutionConfigurationPlatforms) = preSolution
		Debug|ARM = Debug|ARM
		Release|ARM = Release|ARM
	EndGlobalSection
	GlobalSection(ProjectConfigurationPlatforms) = postSolution
		{0DF49B9E-9EF9-4F13-B31F-19D37CDD1060}.Debug|ARM.ActiveCfg = Debug|ARM
		{0DF49B9E-9EF9-4F13-B31F-19D37CDD1060}.Debug|ARM.Build.0 = Debug|ARM
		{0DF49B9E-9EF9-4F13-B31F-19D37CDD1060}.Release|ARM.ActiveCfg = Release|ARM
		{0DF49B9E-9EF9-4F13-B31F-19D37CDD1060}.Release|ARM.Build.0 = Release|ARM
		{10F4B2DD-B608-4B0B-BF95-08214F5695A4}.Debug|ARM.ActiveCfg = Debug|ARM
		{10F4B2DD-B608-4B0B-BF95-08214F5695A4}.Debug|ARM.Build.0 = Debug|ARM
		{10F4B2DD-B608-4B0B-BF95-08214F5695A4}.Release|ARM.ActiveCfg = Release|ARM
		{10F4B2DD-B608-4B0B-BF95-08214F5695A4}.Release|ARM.Build.0 = Release|ARM
	EndGlobalSection
	GlobalSection(SolutionProperties) = preSolution
		HideSolutionNode = FALSE
	EndGlobalSection
	GlobalSection(ExtensibilityGlobals) = postSolution
		SolutionGuid = {D2CB6B25-01BB-44AA-A20F-9F4A6929C413}
	EndGlobalSection
EndGlobal
