
Microsoft Visual Studio Solution File, Format Version 12.00
# Visual Studio 15
VisualStudioVersion = 15.0.28307.902
MinimumVisualStudioVersion = 10.0.40219.1
Project("{8BC9CEB8-8B4A-11D0-8D11-00A0C91BC942}") = "lib_u8g2_example_u8g2", "lib_u8g2_example_u8g2.vcxproj", "{C2961A65-D2FD-4A84-BA72-75B58DAF9A13}"
EndProject
Project("{8BC9CEB8-8B4A-11D0-8D11-00A0C91BC942}") = "lib_u8g2", "..\..\lib_u8g2\lib_u8g2.vcxproj", "{10F4B2DD-B608-4B0B-BF95-08214F5695A4}"
EndProject
Global
	GlobalSection(SolutionConfigurationPlatforms) = preSolution
		Debug|ARM = Debug|ARM
		Release|ARM = Release|ARM
	EndGlobalSection
	GlobalSection(ProjectConfigurationPlatforms) = postSolution
		{C2961A65-D2FD-4A84-BA72-75B58DAF9A13}.Debug|ARM.ActiveCfg = Debug|ARM
		{C2961A65-D2FD-4A84-BA72-75B58DAF9A13}.Debug|ARM.Build.0 = Debug|ARM
		{C2961A65-D2FD-4A84-BA72-75B58DAF9A13}.Release|ARM.ActiveCfg = Release|ARM
		{C2961A65-D2FD-4A84-BA72-75B58DAF9A13}.Release|ARM.Build.0 = Release|ARM
		{10F4B2DD-B608-4B0B-BF95-08214F5695A4}.Debug|ARM.ActiveCfg = Debug|ARM
		{10F4B2DD-B608-4B0B-BF95-08214F5695A4}.Debug|ARM.Build.0 = Debug|ARM
		{10F4B2DD-B608-4B0B-BF95-08214F5695A4}.Release|ARM.ActiveCfg = Release|ARM
		{10F4B2DD-B608-4B0B-BF95-08214F5695A4}.Release|ARM.Build.0 = Release|ARM
	EndGlobalSection
	GlobalSection(SolutionProperties) = preSolution
		HideSolutionNode = FALSE
	EndGlobalSection
	GlobalSection(ExtensibilityGlobals) = postSolution
		SolutionGuid = {B5C22BBA-5577-4000-ADF1-B958D6FFDB2E}
	EndGlobalSection
EndGlobal
